
Microsoft Visual Studio Solution File, Format Version 12.00
# Visual Studio Version 16
VisualStudioVersion = 16.0.30225.117
MinimumVisualStudioVersion = 10.0.40219.1
Project("{2150E333-8FDC-42A3-9474-1A3956D46DE8}") = "src", "src", "{17103D99-0760-45E0-A978-4198E8E4B745}"
EndProject
Project("{FAE04EC0-301F-11D3-BF4B-00C04F79EFBC}") = "Knight.Linq.Core", "Knight.Linq.Core\Knight.Linq.Core.csproj", "{6676ED1D-8AA1-44C3-A6D3-7359D9701605}"
EndProject
Global
	GlobalSection(SolutionConfigurationPlatforms) = preSolution
		Debug|Any CPU = Debug|Any CPU
		Release|Any CPU = Release|Any CPU
	EndGlobalSection
	GlobalSection(ProjectConfigurationPlatforms) = postSolution
		{6676ED1D-8AA1-44C3-A6D3-7359D9701605}.Debug|Any CPU.ActiveCfg = Debug|Any CPU
		{6676ED1D-8AA1-44C3-A6D3-7359D9701605}.Debug|Any CPU.Build.0 = Debug|Any CPU
		{6676ED1D-8AA1-44C3-A6D3-7359D9701605}.Release|Any CPU.ActiveCfg = Release|Any CPU
		{6676ED1D-8AA1-44C3-A6D3-7359D9701605}.Release|Any CPU.Build.0 = Release|Any CPU
	EndGlobalSection
	GlobalSection(SolutionProperties) = preSolution
		HideSolutionNode = FALSE
	EndGlobalSection
	GlobalSection(NestedProjects) = preSolution
		{6676ED1D-8AA1-44C3-A6D3-7359D9701605} = {17103D99-0760-45E0-A978-4198E8E4B745}
	EndGlobalSection
	GlobalSection(ExtensibilityGlobals) = postSolution
		SolutionGuid = {96B5C3B9-6CF9-41DE-8674-847293AF18E4}
	EndGlobalSection
EndGlobal
